// !$*UTF8*$!
{
	archiveVersion = 1;
	classes = {
	};
	objectVersion = 48;
	objects = {

/* Begin PBXBuildFile section */
		2A2405CB201B5DFB0039493F /* AppDelegate.swift in Sources */ = {isa = PBXBuildFile; fileRef = 2A2405CA201B5DFB0039493F /* AppDelegate.swift */; };
		2A2405D0201B5DFB0039493F /* MTMain.storyboard in Resources */ = {isa = PBXBuildFile; fileRef = 2A2405CE201B5DFB0039493F /* MTMain.storyboard */; };
		2A2405D3201B5DFB0039493F /* MaxTest.xcdatamodeld in Sources */ = {isa = PBXBuildFile; fileRef = 2A2405D1201B5DFB0039493F /* MaxTest.xcdatamodeld */; };
		2A2405D5201B5DFB0039493F /* Assets.xcassets in Resources */ = {isa = PBXBuildFile; fileRef = 2A2405D4201B5DFB0039493F /* Assets.xcassets */; };
		2A2405D8201B5DFB0039493F /* LaunchScreen.storyboard in Resources */ = {isa = PBXBuildFile; fileRef = 2A2405D6201B5DFB0039493F /* LaunchScreen.storyboard */; };
		2A2405E4201B5ED10039493F /* MTApiService.swift in Sources */ = {isa = PBXBuildFile; fileRef = 2A2405E3201B5ED10039493F /* MTApiService.swift */; };
		2A2405E6201B5EE30039493F /* MTNetworkingService.swift in Sources */ = {isa = PBXBuildFile; fileRef = 2A2405E5201B5EE30039493F /* MTNetworkingService.swift */; };
		2A2405E8201B5F440039493F /* MTApplicationManager.swift in Sources */ = {isa = PBXBuildFile; fileRef = 2A2405E7201B5F440039493F /* MTApplicationManager.swift */; };
		2A2405EB201B79800039493F /* MTParser.swift in Sources */ = {isa = PBXBuildFile; fileRef = 2A2405EA201B79800039493F /* MTParser.swift */; };
		2A2405ED201B7FC90039493F /* MTUtils.swift in Sources */ = {isa = PBXBuildFile; fileRef = 2A2405EC201B7FC90039493F /* MTUtils.swift */; };
		2A2405F3201B88D50039493F /* MTMainViewController.swift in Sources */ = {isa = PBXBuildFile; fileRef = 2A2405F2201B88D50039493F /* MTMainViewController.swift */; };
		2A2405F5201B8EEE0039493F /* MTArticleCell.swift in Sources */ = {isa = PBXBuildFile; fileRef = 2A2405F4201B8EEE0039493F /* MTArticleCell.swift */; };
		2A3659EE201DC588006FF0B2 /* MTArticleService.swift in Sources */ = {isa = PBXBuildFile; fileRef = 2A3659ED201DC588006FF0B2 /* MTArticleService.swift */; };
		2A3659F4201DD571006FF0B2 /* MTDetails.storyboard in Resources */ = {isa = PBXBuildFile; fileRef = 2A3659F3201DD571006FF0B2 /* MTDetails.storyboard */; };
		2A3659F6201DD5C5006FF0B2 /* MTDetailsViewController.swift in Sources */ = {isa = PBXBuildFile; fileRef = 2A3659F5201DD5C5006FF0B2 /* MTDetailsViewController.swift */; };
		2A3659FF201EFFF9006FF0B2 /* Article+CoreDataClass.swift in Sources */ = {isa = PBXBuildFile; fileRef = 2A3659FD201EFFF9006FF0B2 /* Article+CoreDataClass.swift */; };
		2A365A00201EFFF9006FF0B2 /* Article+CoreDataProperties.swift in Sources */ = {isa = PBXBuildFile; fileRef = 2A3659FE201EFFF9006FF0B2 /* Article+CoreDataProperties.swift */; };
		2A8F0E41201CB41C008602A7 /* MTCoreDataService.swift in Sources */ = {isa = PBXBuildFile; fileRef = 2A8F0E40201CB41C008602A7 /* MTCoreDataService.swift */; };
/* End PBXBuildFile section */

/* Begin PBXFileReference section */
		2A2405C7201B5DFB0039493F /* MaxTest.app */ = {isa = PBXFileReference; explicitFileType = wrapper.application; includeInIndex = 0; path = MaxTest.app; sourceTree = BUILT_PRODUCTS_DIR; };
		2A2405CA201B5DFB0039493F /* AppDelegate.swift */ = {isa = PBXFileReference; lastKnownFileType = sourcecode.swift; path = AppDelegate.swift; sourceTree = "<group>"; };
		2A2405CF201B5DFB0039493F /* Base */ = {isa = PBXFileReference; lastKnownFileType = file.storyboard; name = Base; path = Base.lproj/MTMain.storyboard; sourceTree = "<group>"; };
		2A2405D2201B5DFB0039493F /* MaxTest.xcdatamodel */ = {isa = PBXFileReference; lastKnownFileType = wrapper.xcdatamodel; path = MaxTest.xcdatamodel; sourceTree = "<group>"; };
		2A2405D4201B5DFB0039493F /* Assets.xcassets */ = {isa = PBXFileReference; lastKnownFileType = folder.assetcatalog; path = Assets.xcassets; sourceTree = "<group>"; };
		2A2405D7201B5DFB0039493F /* Base */ = {isa = PBXFileReference; lastKnownFileType = file.storyboard; name = Base; path = Base.lproj/LaunchScreen.storyboard; sourceTree = "<group>"; };
		2A2405D9201B5DFB0039493F /* Info.plist */ = {isa = PBXFileReference; lastKnownFileType = text.plist.xml; path = Info.plist; sourceTree = "<group>"; };
		2A2405E3201B5ED10039493F /* MTApiService.swift */ = {isa = PBXFileReference; lastKnownFileType = sourcecode.swift; path = MTApiService.swift; sourceTree = "<group>"; };
		2A2405E5201B5EE30039493F /* MTNetworkingService.swift */ = {isa = PBXFileReference; lastKnownFileType = sourcecode.swift; path = MTNetworkingService.swift; sourceTree = "<group>"; };
		2A2405E7201B5F440039493F /* MTApplicationManager.swift */ = {isa = PBXFileReference; lastKnownFileType = sourcecode.swift; path = MTApplicationManager.swift; sourceTree = "<group>"; };
		2A2405EA201B79800039493F /* MTParser.swift */ = {isa = PBXFileReference; lastKnownFileType = sourcecode.swift; path = MTParser.swift; sourceTree = "<group>"; };
		2A2405EC201B7FC90039493F /* MTUtils.swift */ = {isa = PBXFileReference; lastKnownFileType = sourcecode.swift; path = MTUtils.swift; sourceTree = "<group>"; };
		2A2405F2201B88D50039493F /* MTMainViewController.swift */ = {isa = PBXFileReference; lastKnownFileType = sourcecode.swift; path = MTMainViewController.swift; sourceTree = "<group>"; };
		2A2405F4201B8EEE0039493F /* MTArticleCell.swift */ = {isa = PBXFileReference; lastKnownFileType = sourcecode.swift; path = MTArticleCell.swift; sourceTree = "<group>"; };
		2A3659ED201DC588006FF0B2 /* MTArticleService.swift */ = {isa = PBXFileReference; lastKnownFileType = sourcecode.swift; path = MTArticleService.swift; sourceTree = "<group>"; };
		2A3659F3201DD571006FF0B2 /* MTDetails.storyboard */ = {isa = PBXFileReference; lastKnownFileType = file.storyboard; path = MTDetails.storyboard; sourceTree = "<group>"; };
		2A3659F5201DD5C5006FF0B2 /* MTDetailsViewController.swift */ = {isa = PBXFileReference; lastKnownFileType = sourcecode.swift; path = MTDetailsViewController.swift; sourceTree = "<group>"; };
		2A3659FD201EFFF9006FF0B2 /* Article+CoreDataClass.swift */ = {isa = PBXFileReference; lastKnownFileType = sourcecode.swift; path = "Article+CoreDataClass.swift"; sourceTree = "<group>"; };
		2A3659FE201EFFF9006FF0B2 /* Article+CoreDataProperties.swift */ = {isa = PBXFileReference; lastKnownFileType = sourcecode.swift; path = "Article+CoreDataProperties.swift"; sourceTree = "<group>"; };
		2A8F0E40201CB41C008602A7 /* MTCoreDataService.swift */ = {isa = PBXFileReference; lastKnownFileType = sourcecode.swift; path = MTCoreDataService.swift; sourceTree = "<group>"; };
/* End PBXFileReference section */

/* Begin PBXFrameworksBuildPhase section */
		2A2405C4201B5DFB0039493F /* Frameworks */ = {
			isa = PBXFrameworksBuildPhase;
			buildActionMask = 2147483647;
			files = (
			);
			runOnlyForDeploymentPostprocessing = 0;
		};
/* End PBXFrameworksBuildPhase section */

/* Begin PBXGroup section */
		2A2405BE201B5DFB0039493F = {
			isa = PBXGroup;
			children = (
				2A2405C9201B5DFB0039493F /* MaxTest */,
				2A2405C8201B5DFB0039493F /* Products */,
			);
			sourceTree = "<group>";
		};
		2A2405C8201B5DFB0039493F /* Products */ = {
			isa = PBXGroup;
			children = (
				2A2405C7201B5DFB0039493F /* MaxTest.app */,
			);
			name = Products;
			sourceTree = "<group>";
		};
		2A2405C9201B5DFB0039493F /* MaxTest */ = {
			isa = PBXGroup;
			children = (
				2A2405EE201B84960039493F /* Models */,
				2A2405E9201B79670039493F /* Utils */,
				2A2405E2201B5EB70039493F /* Services */,
				2A2405E0201B5E7B0039493F /* ApplicationLayer */,
				2A2405E1201B5E910039493F /* Presentation */,
				2A2405DF201B5E630039493F /* SupportingFiles */,
			);
			path = MaxTest;
			sourceTree = "<group>";
		};
		2A2405DF201B5E630039493F /* SupportingFiles */ = {
			isa = PBXGroup;
			children = (
				2A2405D4201B5DFB0039493F /* Assets.xcassets */,
				2A2405D6201B5DFB0039493F /* LaunchScreen.storyboard */,
				2A2405D9201B5DFB0039493F /* Info.plist */,
				2A2405D1201B5DFB0039493F /* MaxTest.xcdatamodeld */,
			);
			path = SupportingFiles;
			sourceTree = "<group>";
		};
		2A2405E0201B5E7B0039493F /* ApplicationLayer */ = {
			isa = PBXGroup;
			children = (
				2A2405CA201B5DFB0039493F /* AppDelegate.swift */,
				2A2405E7201B5F440039493F /* MTApplicationManager.swift */,
			);
			path = ApplicationLayer;
			sourceTree = "<group>";
		};
		2A2405E1201B5E910039493F /* Presentation */ = {
			isa = PBXGroup;
			children = (
				2A3659F2201DD54E006FF0B2 /* DetailsScreen */,
				2A2405F1201B88BA0039493F /* MainScreen */,
			);
			path = Presentation;
			sourceTree = "<group>";
		};
		2A2405E2201B5EB70039493F /* Services */ = {
			isa = PBXGroup;
			children = (
				2A2405E3201B5ED10039493F /* MTApiService.swift */,
				2A2405E5201B5EE30039493F /* MTNetworkingService.swift */,
				2A8F0E40201CB41C008602A7 /* MTCoreDataService.swift */,
				2A3659ED201DC588006FF0B2 /* MTArticleService.swift */,
			);
			path = Services;
			sourceTree = "<group>";
		};
		2A2405E9201B79670039493F /* Utils */ = {
			isa = PBXGroup;
			children = (
				2A2405EA201B79800039493F /* MTParser.swift */,
				2A2405EC201B7FC90039493F /* MTUtils.swift */,
			);
			path = Utils;
			sourceTree = "<group>";
		};
		2A2405EE201B84960039493F /* Models */ = {
			isa = PBXGroup;
			children = (
				2A3659FE201EFFF9006FF0B2 /* Article+CoreDataProperties.swift */,
				2A3659FD201EFFF9006FF0B2 /* Article+CoreDataClass.swift */,
			);
			path = Models;
			sourceTree = "<group>";
		};
		2A2405F1201B88BA0039493F /* MainScreen */ = {
			isa = PBXGroup;
			children = (
				2A2405CE201B5DFB0039493F /* MTMain.storyboard */,
				2A2405F2201B88D50039493F /* MTMainViewController.swift */,
				2A2405F4201B8EEE0039493F /* MTArticleCell.swift */,
			);
			path = MainScreen;
			sourceTree = "<group>";
		};
		2A3659F2201DD54E006FF0B2 /* DetailsScreen */ = {
			isa = PBXGroup;
			children = (
				2A3659F3201DD571006FF0B2 /* MTDetails.storyboard */,
				2A3659F5201DD5C5006FF0B2 /* MTDetailsViewController.swift */,
			);
			path = DetailsScreen;
			sourceTree = "<group>";
		};
/* End PBXGroup section */

/* Begin PBXNativeTarget section */
		2A2405C6201B5DFB0039493F /* MaxTest */ = {
			isa = PBXNativeTarget;
			buildConfigurationList = 2A2405DC201B5DFB0039493F /* Build configuration list for PBXNativeTarget "MaxTest" */;
			buildPhases = (
				2A2405C3201B5DFB0039493F /* Sources */,
				2A2405C4201B5DFB0039493F /* Frameworks */,
				2A2405C5201B5DFB0039493F /* Resources */,
			);
			buildRules = (
			);
			dependencies = (
			);
			name = MaxTest;
			productName = MaxTest;
			productReference = 2A2405C7201B5DFB0039493F /* MaxTest.app */;
			productType = "com.apple.product-type.application";
		};
/* End PBXNativeTarget section */

/* Begin PBXProject section */
		2A2405BF201B5DFB0039493F /* Project object */ = {
			isa = PBXProject;
			attributes = {
				LastSwiftUpdateCheck = 0920;
				LastUpgradeCheck = 0920;
				ORGANIZATIONNAME = "Dmitry Ivashin";
				TargetAttributes = {
					2A2405C6201B5DFB0039493F = {
						CreatedOnToolsVersion = 9.2;
						ProvisioningStyle = Automatic;
					};
				};
			};
			buildConfigurationList = 2A2405C2201B5DFB0039493F /* Build configuration list for PBXProject "MaxTest" */;
			compatibilityVersion = "Xcode 8.0";
			developmentRegion = en;
			hasScannedForEncodings = 0;
			knownRegions = (
				en,
				Base,
			);
			mainGroup = 2A2405BE201B5DFB0039493F;
			productRefGroup = 2A2405C8201B5DFB0039493F /* Products */;
			projectDirPath = "";
			projectRoot = "";
			targets = (
				2A2405C6201B5DFB0039493F /* MaxTest */,
			);
		};
/* End PBXProject section */

/* Begin PBXResourcesBuildPhase section */
		2A2405C5201B5DFB0039493F /* Resources */ = {
			isa = PBXResourcesBuildPhase;
			buildActionMask = 2147483647;
			files = (
				2A2405D8201B5DFB0039493F /* LaunchScreen.storyboard in Resources */,
				2A2405D5201B5DFB0039493F /* Assets.xcassets in Resources */,
				2A3659F4201DD571006FF0B2 /* MTDetails.storyboard in Resources */,
				2A2405D0201B5DFB0039493F /* MTMain.storyboard in Resources */,
			);
			runOnlyForDeploymentPostprocessing = 0;
		};
/* End PBXResourcesBuildPhase section */

/* Begin PBXSourcesBuildPhase section */
		2A2405C3201B5DFB0039493F /* Sources */ = {
			isa = PBXSourcesBuildPhase;
			buildActionMask = 2147483647;
			files = (
				2A2405E8201B5F440039493F /* MTApplicationManager.swift in Sources */,
				2A8F0E41201CB41C008602A7 /* MTCoreDataService.swift in Sources */,
				2A3659F6201DD5C5006FF0B2 /* MTDetailsViewController.swift in Sources */,
				2A3659EE201DC588006FF0B2 /* MTArticleService.swift in Sources */,
				2A3659FF201EFFF9006FF0B2 /* Article+CoreDataClass.swift in Sources */,
				2A2405ED201B7FC90039493F /* MTUtils.swift in Sources */,
				2A365A00201EFFF9006FF0B2 /* Article+CoreDataProperties.swift in Sources */,
				2A2405F5201B8EEE0039493F /* MTArticleCell.swift in Sources */,
				2A2405EB201B79800039493F /* MTParser.swift in Sources */,
				2A2405F3201B88D50039493F /* MTMainViewController.swift in Sources */,
				2A2405D3201B5DFB0039493F /* MaxTest.xcdatamodeld in Sources */,
				2A2405E4201B5ED10039493F /* MTApiService.swift in Sources */,
				2A2405E6201B5EE30039493F /* MTNetworkingService.swift in Sources */,
				2A2405CB201B5DFB0039493F /* AppDelegate.swift in Sources */,
			);
			runOnlyForDeploymentPostprocessing = 0;
		};
/* End PBXSourcesBuildPhase section */

/* Begin PBXVariantGroup section */
		2A2405CE201B5DFB0039493F /* MTMain.storyboard */ = {
			isa = PBXVariantGroup;
			children = (
				2A2405CF201B5DFB0039493F /* Base */,
			);
			name = MTMain.storyboard;
			sourceTree = "<group>";
		};
		2A2405D6201B5DFB0039493F /* LaunchScreen.storyboard */ = {
			isa = PBXVariantGroup;
			children = (
				2A2405D7201B5DFB0039493F /* Base */,
			);
			name = LaunchScreen.storyboard;
			sourceTree = "<group>";
		};
/* End PBXVariantGroup section */

/* Begin XCBuildConfiguration section */
		2A2405DA201B5DFB0039493F /* Debug */ = {
			isa = XCBuildConfiguration;
			buildSettings = {
				ALWAYS_SEARCH_USER_PATHS = NO;
				CLANG_ANALYZER_NONNULL = YES;
				CLANG_ANALYZER_NUMBER_OBJECT_CONVERSION = YES_AGGRESSIVE;
				CLANG_CXX_LANGUAGE_STANDARD = "gnu++14";
				CLANG_CXX_LIBRARY = "libc++";
				CLANG_ENABLE_MODULES = YES;
				CLANG_ENABLE_OBJC_ARC = YES;
				CLANG_WARN_BLOCK_CAPTURE_AUTORELEASING = YES;
				CLANG_WARN_BOOL_CONVERSION = YES;
				CLANG_WARN_COMMA = YES;
				CLANG_WARN_CONSTANT_CONVERSION = YES;
				CLANG_WARN_DIRECT_OBJC_ISA_USAGE = YES_ERROR;
				CLANG_WARN_DOCUMENTATION_COMMENTS = YES;
				CLANG_WARN_EMPTY_BODY = YES;
				CLANG_WARN_ENUM_CONVERSION = YES;
				CLANG_WARN_INFINITE_RECURSION = YES;
				CLANG_WARN_INT_CONVERSION = YES;
				CLANG_WARN_NON_LITERAL_NULL_CONVERSION = YES;
				CLANG_WARN_OBJC_LITERAL_CONVERSION = YES;
				CLANG_WARN_OBJC_ROOT_CLASS = YES_ERROR;
				CLANG_WARN_RANGE_LOOP_ANALYSIS = YES;
				CLANG_WARN_STRICT_PROTOTYPES = YES;
				CLANG_WARN_SUSPICIOUS_MOVE = YES;
				CLANG_WARN_UNGUARDED_AVAILABILITY = YES_AGGRESSIVE;
				CLANG_WARN_UNREACHABLE_CODE = YES;
				CLANG_WARN__DUPLICATE_METHOD_MATCH = YES;
				CODE_SIGN_IDENTITY = "iPhone Developer";
				COPY_PHASE_STRIP = NO;
				DEBUG_INFORMATION_FORMAT = dwarf;
				ENABLE_STRICT_OBJC_MSGSEND = YES;
				ENABLE_TESTABILITY = YES;
				GCC_C_LANGUAGE_STANDARD = gnu11;
				GCC_DYNAMIC_NO_PIC = NO;
				GCC_NO_COMMON_BLOCKS = YES;
				GCC_OPTIMIZATION_LEVEL = 0;
				GCC_PREPROCESSOR_DEFINITIONS = (
					"DEBUG=1",
					"$(inherited)",
				);
				GCC_WARN_64_TO_32_BIT_CONVERSION = YES;
				GCC_WARN_ABOUT_RETURN_TYPE = YES_ERROR;
				GCC_WARN_UNDECLARED_SELECTOR = YES;
				GCC_WARN_UNINITIALIZED_AUTOS = YES_AGGRESSIVE;
				GCC_WARN_UNUSED_FUNCTION = YES;
				GCC_WARN_UNUSED_VARIABLE = YES;
				IPHONEOS_DEPLOYMENT_TARGET = 10.3;
				MTL_ENABLE_DEBUG_INFO = YES;
				ONLY_ACTIVE_ARCH = YES;
				SDKROOT = iphoneos;
				SWIFT_ACTIVE_COMPILATION_CONDITIONS = DEBUG;
				SWIFT_OPTIMIZATION_LEVEL = "-Onone";
			};
			name = Debug;
		};
		2A2405DB201B5DFB0039493F /* Release */ = {
			isa = XCBuildConfiguration;
			buildSettings = {
				ALWAYS_SEARCH_USER_PATHS = NO;
				CLANG_ANALYZER_NONNULL = YES;
				CLANG_ANALYZER_NUMBER_OBJECT_CONVERSION = YES_AGGRESSIVE;
				CLANG_CXX_LANGUAGE_STANDARD = "gnu++14";
				CLANG_CXX_LIBRARY = "libc++";
				CLANG_ENABLE_MODULES = YES;
				CLANG_ENABLE_OBJC_ARC = YES;
				CLANG_WARN_BLOCK_CAPTURE_AUTORELEASING = YES;
				CLANG_WARN_BOOL_CONVERSION = YES;
				CLANG_WARN_COMMA = YES;
				CLANG_WARN_CONSTANT_CONVERSION = YES;
				CLANG_WARN_DIRECT_OBJC_ISA_USAGE = YES_ERROR;
				CLANG_WARN_DOCUMENTATION_COMMENTS = YES;
				CLANG_WARN_EMPTY_BODY = YES;
				CLANG_WARN_ENUM_CONVERSION = YES;
				CLANG_WARN_INFINITE_RECURSION = YES;
				CLANG_WARN_INT_CONVERSION = YES;
				CLANG_WARN_NON_LITERAL_NULL_CONVERSION = YES;
				CLANG_WARN_OBJC_LITERAL_CONVERSION = YES;
				CLANG_WARN_OBJC_ROOT_CLASS = YES_ERROR;
				CLANG_WARN_RANGE_LOOP_ANALYSIS = YES;
				CLANG_WARN_STRICT_PROTOTYPES = YES;
				CLANG_WARN_SUSPICIOUS_MOVE = YES;
				CLANG_WARN_UNGUARDED_AVAILABILITY = YES_AGGRESSIVE;
				CLANG_WARN_UNREACHABLE_CODE = YES;
				CLANG_WARN__DUPLICATE_METHOD_MATCH = YES;
				CODE_SIGN_IDENTITY = "iPhone Developer";
				COPY_PHASE_STRIP = NO;
				DEBUG_INFORMATION_FORMAT = "dwarf-with-dsym";
				ENABLE_NS_ASSERTIONS = NO;
				ENABLE_STRICT_OBJC_MSGSEND = YES;
				GCC_C_LANGUAGE_STANDARD = gnu11;
				GCC_NO_COMMON_BLOCKS = YES;
				GCC_WARN_64_TO_32_BIT_CONVERSION = YES;
				GCC_WARN_ABOUT_RETURN_TYPE = YES_ERROR;
				GCC_WARN_UNDECLARED_SELECTOR = YES;
				GCC_WARN_UNINITIALIZED_AUTOS = YES_AGGRESSIVE;
				GCC_WARN_UNUSED_FUNCTION = YES;
				GCC_WARN_UNUSED_VARIABLE = YES;
				IPHONEOS_DEPLOYMENT_TARGET = 10.3;
				MTL_ENABLE_DEBUG_INFO = NO;
				SDKROOT = iphoneos;
				SWIFT_OPTIMIZATION_LEVEL = "-Owholemodule";
				VALIDATE_PRODUCT = YES;
			};
			name = Release;
		};
		2A2405DD201B5DFB0039493F /* Debug */ = {
			isa = XCBuildConfiguration;
			buildSettings = {
				ASSETCATALOG_COMPILER_APPICON_NAME = AppIcon;
				CODE_SIGN_STYLE = Automatic;
				DEVELOPMENT_TEAM = PUK34QK43Y;
				INFOPLIST_FILE = "$(SRCROOT)/MaxTest/SupportingFiles/Info.plist";
				IPHONEOS_DEPLOYMENT_TARGET = 10.3;
				LD_RUNPATH_SEARCH_PATHS = "$(inherited) @executable_path/Frameworks";
				PRODUCT_BUNDLE_IDENTIFIER = test.com.MaxTest;
				PRODUCT_NAME = "$(TARGET_NAME)";
				SWIFT_VERSION = 4.0;
				TARGETED_DEVICE_FAMILY = "1,2";
			};
			name = Debug;
		};
		2A2405DE201B5DFB0039493F /* Release */ = {
			isa = XCBuildConfiguration;
			buildSettings = {
				ASSETCATALOG_COMPILER_APPICON_NAME = AppIcon;
				CODE_SIGN_STYLE = Automatic;
				DEVELOPMENT_TEAM = PUK34QK43Y;
				INFOPLIST_FILE = "$(SRCROOT)/MaxTest/SupportingFiles/Info.plist";
				IPHONEOS_DEPLOYMENT_TARGET = 10.3;
				LD_RUNPATH_SEARCH_PATHS = "$(inherited) @executable_path/Frameworks";
				PRODUCT_BUNDLE_IDENTIFIER = test.com.MaxTest;
				PRODUCT_NAME = "$(TARGET_NAME)";
				SWIFT_VERSION = 4.0;
				TARGETED_DEVICE_FAMILY = "1,2";
			};
			name = Release;
		};
/* End XCBuildConfiguration section */

/* Begin XCConfigurationList section */
		2A2405C2201B5DFB0039493F /* Build configuration list for PBXProject "MaxTest" */ = {
			isa = XCConfigurationList;
			buildConfigurations = (
				2A2405DA201B5DFB0039493F /* Debug */,
				2A2405DB201B5DFB0039493F /* Release */,
			);
			defaultConfigurationIsVisible = 0;
			defaultConfigurationName = Release;
		};
		2A2405DC201B5DFB0039493F /* Build configuration list for PBXNativeTarget "MaxTest" */ = {
			isa = XCConfigurationList;
			buildConfigurations = (
				2A2405DD201B5DFB0039493F /* Debug */,
				2A2405DE201B5DFB0039493F /* Release */,
			);
			defaultConfigurationIsVisible = 0;
			defaultConfigurationName = Release;
		};
/* End XCConfigurationList section */

/* Begin XCVersionGroup section */
		2A2405D1201B5DFB0039493F /* MaxTest.xcdatamodeld */ = {
			isa = XCVersionGroup;
			children = (
				2A2405D2201B5DFB0039493F /* MaxTest.xcdatamodel */,
			);
			currentVersion = 2A2405D2201B5DFB0039493F /* MaxTest.xcdatamodel */;
			path = MaxTest.xcdatamodeld;
			sourceTree = "<group>";
			versionGroupType = wrapper.xcdatamodel;
		};
/* End XCVersionGroup section */
	};
	rootObject = 2A2405BF201B5DFB0039493F /* Project object */;
}
